
Microsoft Visual Studio Solution File, Format Version 12.00
# Visual Studio 14
VisualStudioVersion = 14.0.23107.0
MinimumVisualStudioVersion = 10.0.40219.1
Project("{FAE04EC0-301F-11D3-BF4B-00C04F79EFBC}") = "SMAWeb", "SMAWeb\SMAWeb.csproj", "{252C6037-B2C3-4A24-A5A1-D4B116CE74EA}"
EndProject
Project("{FAE04EC0-301F-11D3-BF4B-00C04F79EFBC}") = "ExpirationNotification", "ExpirationNotification\ExpirationNotification.csproj", "{655333D1-B532-498E-B84E-B3F5E24462A4}"
EndProject
Project("{FAE04EC0-301F-11D3-BF4B-00C04F79EFBC}") = "ExpireAccount", "ExpireAccount\ExpireAccount.csproj", "{596D2C1C-9F25-437D-A34C-1F8F9972871B}"
EndProject
Project("{2150E333-8FDC-42A3-9474-1A3956D46DE8}") = "Mobile", "Mobile", "{45FF72EA-C627-4B6A-9313-609C7DDB5854}"
EndProject
Project("{FAE04EC0-301F-11D3-BF4B-00C04F79EFBC}") = "SMAMobile.Droid", "SMAMobile.Droid\SMAMobile.Droid.csproj", "{D308FFF0-A951-4A57-848D-FECC4FF3FBDC}"
EndProject
Global
	GlobalSection(SolutionConfigurationPlatforms) = preSolution
		Debug|Any CPU = Debug|Any CPU
		Release|Any CPU = Release|Any CPU
	EndGlobalSection
	GlobalSection(ProjectConfigurationPlatforms) = postSolution
		{252C6037-B2C3-4A24-A5A1-D4B116CE74EA}.Debug|Any CPU.ActiveCfg = Debug|Any CPU
		{252C6037-B2C3-4A24-A5A1-D4B116CE74EA}.Debug|Any CPU.Build.0 = Debug|Any CPU
		{252C6037-B2C3-4A24-A5A1-D4B116CE74EA}.Release|Any CPU.ActiveCfg = Release|Any CPU
		{252C6037-B2C3-4A24-A5A1-D4B116CE74EA}.Release|Any CPU.Build.0 = Release|Any CPU
		{655333D1-B532-498E-B84E-B3F5E24462A4}.Debug|Any CPU.ActiveCfg = Debug|Any CPU
		{655333D1-B532-498E-B84E-B3F5E24462A4}.Debug|Any CPU.Build.0 = Debug|Any CPU
		{655333D1-B532-498E-B84E-B3F5E24462A4}.Release|Any CPU.ActiveCfg = Release|Any CPU
		{655333D1-B532-498E-B84E-B3F5E24462A4}.Release|Any CPU.Build.0 = Release|Any CPU
		{596D2C1C-9F25-437D-A34C-1F8F9972871B}.Debug|Any CPU.ActiveCfg = Debug|Any CPU
		{596D2C1C-9F25-437D-A34C-1F8F9972871B}.Debug|Any CPU.Build.0 = Debug|Any CPU
		{596D2C1C-9F25-437D-A34C-1F8F9972871B}.Release|Any CPU.ActiveCfg = Release|Any CPU
		{596D2C1C-9F25-437D-A34C-1F8F9972871B}.Release|Any CPU.Build.0 = Release|Any CPU
		{D308FFF0-A951-4A57-848D-FECC4FF3FBDC}.Debug|Any CPU.ActiveCfg = Debug|Any CPU
		{D308FFF0-A951-4A57-848D-FECC4FF3FBDC}.Debug|Any CPU.Build.0 = Debug|Any CPU
		{D308FFF0-A951-4A57-848D-FECC4FF3FBDC}.Debug|Any CPU.Deploy.0 = Debug|Any CPU
		{D308FFF0-A951-4A57-848D-FECC4FF3FBDC}.Release|Any CPU.ActiveCfg = Release|Any CPU
		{D308FFF0-A951-4A57-848D-FECC4FF3FBDC}.Release|Any CPU.Build.0 = Release|Any CPU
		{D308FFF0-A951-4A57-848D-FECC4FF3FBDC}.Release|Any CPU.Deploy.0 = Release|Any CPU
	EndGlobalSection
	GlobalSection(SolutionProperties) = preSolution
		HideSolutionNode = FALSE
	EndGlobalSection
	GlobalSection(NestedProjects) = preSolution
		{D308FFF0-A951-4A57-848D-FECC4FF3FBDC} = {45FF72EA-C627-4B6A-9313-609C7DDB5854}
	EndGlobalSection
EndGlobal
